
Microsoft Visual Studio Solution File, Format Version 12.00
# Visual Studio Version 17
VisualStudioVersion = 17.11.35312.102
MinimumVisualStudioVersion = 10.0.40219.1
Project("{FAE04EC0-301F-11D3-BF4B-00C04F79EFBC}") = "Tyuiu.PivovarovVA.Sprint0", "Tyuiu.PivovarovVA.Sprint0\Tyuiu.PivovarovVA.Sprint0.csproj", "{EE59FF62-5521-4C0B-A024-291965B04814}"
EndProject
Project("{2150E333-8FDC-42A3-9474-1A3956D46DE8}") = "Task0", "Task0", "{0EB378D3-DBD5-4151-9ADE-7F08728AC575}"
EndProject
Project("{2150E333-8FDC-42A3-9474-1A3956D46DE8}") = "Task1", "Task1", "{653CD9E9-B01D-4ABF-A206-CF80B8E29FA1}"
EndProject
Global
	GlobalSection(SolutionConfigurationPlatforms) = preSolution
		Debug|Any CPU = Debug|Any CPU
		Release|Any CPU = Release|Any CPU
	EndGlobalSection
	GlobalSection(ProjectConfigurationPlatforms) = postSolution
		{EE59FF62-5521-4C0B-A024-291965B04814}.Debug|Any CPU.ActiveCfg = Debug|Any CPU
		{EE59FF62-5521-4C0B-A024-291965B04814}.Debug|Any CPU.Build.0 = Debug|Any CPU
		{EE59FF62-5521-4C0B-A024-291965B04814}.Release|Any CPU.ActiveCfg = Release|Any CPU
		{EE59FF62-5521-4C0B-A024-291965B04814}.Release|Any CPU.Build.0 = Release|Any CPU
	EndGlobalSection
	GlobalSection(SolutionProperties) = preSolution
		HideSolutionNode = FALSE
	EndGlobalSection
	GlobalSection(ExtensibilityGlobals) = postSolution
		SolutionGuid = {0B149FE4-8959-449C-AC8F-A30BAE84FC05}
	EndGlobalSection
EndGlobal
